
Microsoft Visual Studio Solution File, Format Version 12.00
# Visual Studio Version 17
VisualStudioVersion = 17.14.36327.8 d17.14
MinimumVisualStudioVersion = 10.0.40219.1
Project("{FAE04EC0-301F-11D3-BF4B-00C04F79EFBC}") = "BMICalculator", "BMICalculator\BMICalculator.csproj", "{8AFBABFD-0AA5-4A85-8410-110AABDD88F7}"
EndProject
Global
	GlobalSection(SolutionConfigurationPlatforms) = preSolution
		Debug|Any CPU = Debug|Any CPU
		Release|Any CPU = Release|Any CPU
	EndGlobalSection
	GlobalSection(ProjectConfigurationPlatforms) = postSolution
		{8AFBABFD-0AA5-4A85-8410-110AABDD88F7}.Debug|Any CPU.ActiveCfg = Debug|Any CPU
		{8AFBABFD-0AA5-4A85-8410-110AABDD88F7}.Debug|Any CPU.Build.0 = Debug|Any CPU
		{8AFBABFD-0AA5-4A85-8410-110AABDD88F7}.Release|Any CPU.ActiveCfg = Release|Any CPU
		{8AFBABFD-0AA5-4A85-8410-110AABDD88F7}.Release|Any CPU.Build.0 = Release|Any CPU
	EndGlobalSection
	GlobalSection(SolutionProperties) = preSolution
		HideSolutionNode = FALSE
	EndGlobalSection
	GlobalSection(ExtensibilityGlobals) = postSolution
		SolutionGuid = {C0123063-6CE8-46F4-ADC9-3BD3B40BB113}
	EndGlobalSection
EndGlobal
